
Microsoft Visual Studio Solution File, Format Version 12.00
# Visual Studio Version 17
VisualStudioVersion = 17.5.33530.505
MinimumVisualStudioVersion = 10.0.40219.1
Project("{FAE04EC0-301F-11D3-BF4B-00C04F79EFBC}") = "SatisfactoryBot", "Src\SatisfactoryBot.csproj", "{57293056-B80E-4868-8E4E-ADBB846867B3}"
EndProject
Global
	GlobalSection(SolutionConfigurationPlatforms) = preSolution
		Debug|Any CPU = Debug|Any CPU
		Release|Any CPU = Release|Any CPU
	EndGlobalSection
	GlobalSection(ProjectConfigurationPlatforms) = postSolution
		{57293056-B80E-4868-8E4E-ADBB846867B3}.Debug|Any CPU.ActiveCfg = Debug|Any CPU
		{57293056-B80E-4868-8E4E-ADBB846867B3}.Debug|Any CPU.Build.0 = Debug|Any CPU
		{57293056-B80E-4868-8E4E-ADBB846867B3}.Release|Any CPU.ActiveCfg = Release|Any CPU
		{57293056-B80E-4868-8E4E-ADBB846867B3}.Release|Any CPU.Build.0 = Release|Any CPU
	EndGlobalSection
	GlobalSection(SolutionProperties) = preSolution
		HideSolutionNode = FALSE
	EndGlobalSection
	GlobalSection(ExtensibilityGlobals) = postSolution
		SolutionGuid = {8B8CDDCF-4F47-4C71-9233-4884B14D35B7}
	EndGlobalSection
EndGlobal
